Microsoft Visual Studio Solution File, Format Version 12.00
# Visual Studio Version 17
VisualStudioVersion = 17.5.2.0
MinimumVisualStudioVersion = 10.0.40219.1
Project("{FAE04EC0-301F-11D3-BF4B-00C04F79EFBC}") = "MotorolaStartBit_LSB2MSB", "MotorolaStartBit_LSB2MSB.csproj", "{25C5162E-653B-971A-C6A6-E7B57742E4C0}"
EndProject
Global
	GlobalSection(SolutionConfigurationPlatforms) = preSolution
		Debug|Any CPU = Debug|Any CPU
		Release|Any CPU = Release|Any CPU
	EndGlobalSection
	GlobalSection(ProjectConfigurationPlatforms) = postSolution
		{25C5162E-653B-971A-C6A6-E7B57742E4C0}.Debug|Any CPU.ActiveCfg = Debug|Any CPU
		{25C5162E-653B-971A-C6A6-E7B57742E4C0}.Debug|Any CPU.Build.0 = Debug|Any CPU
		{25C5162E-653B-971A-C6A6-E7B57742E4C0}.Release|Any CPU.ActiveCfg = Release|Any CPU
		{25C5162E-653B-971A-C6A6-E7B57742E4C0}.Release|Any CPU.Build.0 = Release|Any CPU
	EndGlobalSection
	GlobalSection(SolutionProperties) = preSolution
		HideSolutionNode = FALSE
	EndGlobalSection
	GlobalSection(ExtensibilityGlobals) = postSolution
		SolutionGuid = {977DB235-54A5-4DAA-8814-3BEB25C0E466}
	EndGlobalSection
EndGlobal
